
Microsoft Visual Studio Solution File, Format Version 12.00
# Visual Studio 15
VisualStudioVersion = 15.0.28307.852
MinimumVisualStudioVersion = 10.0.40219.1
Project("{FAE04EC0-301F-11D3-BF4B-00C04F79EFBC}") = "SwitchingNetwork", "SwitchingNetwork\SwitchingNetwork.csproj", "{D3956450-9DF8-4903-B324-34E39768E44B}"
EndProject
Global
	GlobalSection(SolutionConfigurationPlatforms) = preSolution
		Debug|Any CPU = Debug|Any CPU
		Release|Any CPU = Release|Any CPU
	EndGlobalSection
	GlobalSection(ProjectConfigurationPlatforms) = postSolution
		{D3956450-9DF8-4903-B324-34E39768E44B}.Debug|Any CPU.ActiveCfg = Debug|Any CPU
		{D3956450-9DF8-4903-B324-34E39768E44B}.Debug|Any CPU.Build.0 = Debug|Any CPU
		{D3956450-9DF8-4903-B324-34E39768E44B}.Release|Any CPU.ActiveCfg = Release|Any CPU
		{D3956450-9DF8-4903-B324-34E39768E44B}.Release|Any CPU.Build.0 = Release|Any CPU
	EndGlobalSection
	GlobalSection(SolutionProperties) = preSolution
		HideSolutionNode = FALSE
	EndGlobalSection
	GlobalSection(ExtensibilityGlobals) = postSolution
		SolutionGuid = {5F0336C6-150F-4940-8D03-39A369B5B0D8}
	EndGlobalSection
EndGlobal
